
Microsoft Visual Studio Solution File, Format Version 12.00
# Visual Studio Version 16
VisualStudioVersion = 16.0.30907.101
MinimumVisualStudioVersion = 10.0.40219.1
Project("{FAE04EC0-301F-11D3-BF4B-00C04F79EFBC}") = "sChallenge", "sChallenge\sChallenge.csproj", "{BA669857-74A6-40C4-8E83-AE42FF11CA1C}"
EndProject
Global
	GlobalSection(SolutionConfigurationPlatforms) = preSolution
		Debug|Any CPU = Debug|Any CPU
		Release|Any CPU = Release|Any CPU
	EndGlobalSection
	GlobalSection(ProjectConfigurationPlatforms) = postSolution
		{BA669857-74A6-40C4-8E83-AE42FF11CA1C}.Debug|Any CPU.ActiveCfg = Debug|Any CPU
		{BA669857-74A6-40C4-8E83-AE42FF11CA1C}.Debug|Any CPU.Build.0 = Debug|Any CPU
		{BA669857-74A6-40C4-8E83-AE42FF11CA1C}.Release|Any CPU.ActiveCfg = Release|Any CPU
		{BA669857-74A6-40C4-8E83-AE42FF11CA1C}.Release|Any CPU.Build.0 = Release|Any CPU
	EndGlobalSection
	GlobalSection(SolutionProperties) = preSolution
		HideSolutionNode = FALSE
	EndGlobalSection
	GlobalSection(ExtensibilityGlobals) = postSolution
		SolutionGuid = {F897E8EB-7716-4620-810D-F0F661A28B93}
	EndGlobalSection
EndGlobal
